
Microsoft Visual Studio Solution File, Format Version 12.00
# Visual Studio 2012
Project("{FAE04EC0-301F-11D3-BF4B-00C04F79EFBC}") = "RealtAutomation", "NUnityATRealt\RealtAutomation.csproj", "{84EE9810-58CC-4DF9-9634-5DC8E815EB2F}"
EndProject
Project("{FAE04EC0-301F-11D3-BF4B-00C04F79EFBC}") = "ATFramework", "ATFramework\ATFramework.csproj", "{50897A9F-85A6-499D-BFD6-835895BDCEDD}"
EndProject
Project("{FAE04EC0-301F-11D3-BF4B-00C04F79EFBC}") = "TimeAndDateAutomation", "TimeAndDateAutomation\TimeAndDateAutomation.csproj", "{9E86FEA2-0F76-41F6-9F24-867D20537068}"
EndProject
Global
	GlobalSection(SolutionConfigurationPlatforms) = preSolution
		Debug|Any CPU = Debug|Any CPU
		Release|Any CPU = Release|Any CPU
	EndGlobalSection
	GlobalSection(ProjectConfigurationPlatforms) = postSolution
		{84EE9810-58CC-4DF9-9634-5DC8E815EB2F}.Debug|Any CPU.ActiveCfg = Debug|Any CPU
		{84EE9810-58CC-4DF9-9634-5DC8E815EB2F}.Debug|Any CPU.Build.0 = Debug|Any CPU
		{84EE9810-58CC-4DF9-9634-5DC8E815EB2F}.Release|Any CPU.ActiveCfg = Release|Any CPU
		{84EE9810-58CC-4DF9-9634-5DC8E815EB2F}.Release|Any CPU.Build.0 = Release|Any CPU
		{50897A9F-85A6-499D-BFD6-835895BDCEDD}.Debug|Any CPU.ActiveCfg = Debug|Any CPU
		{50897A9F-85A6-499D-BFD6-835895BDCEDD}.Debug|Any CPU.Build.0 = Debug|Any CPU
		{50897A9F-85A6-499D-BFD6-835895BDCEDD}.Release|Any CPU.ActiveCfg = Release|Any CPU
		{50897A9F-85A6-499D-BFD6-835895BDCEDD}.Release|Any CPU.Build.0 = Release|Any CPU
		{9E86FEA2-0F76-41F6-9F24-867D20537068}.Debug|Any CPU.ActiveCfg = Debug|Any CPU
		{9E86FEA2-0F76-41F6-9F24-867D20537068}.Debug|Any CPU.Build.0 = Debug|Any CPU
		{9E86FEA2-0F76-41F6-9F24-867D20537068}.Release|Any CPU.ActiveCfg = Release|Any CPU
		{9E86FEA2-0F76-41F6-9F24-867D20537068}.Release|Any CPU.Build.0 = Release|Any CPU
	EndGlobalSection
	GlobalSection(SolutionProperties) = preSolution
		HideSolutionNode = FALSE
	EndGlobalSection
EndGlobal
